
Microsoft Visual Studio Solution File, Format Version 12.00
# Visual Studio Version 17
VisualStudioVersion = 17.4.33205.214
MinimumVisualStudioVersion = 10.0.40219.1
Project("{FAE04EC0-301F-11D3-BF4B-00C04F79EFBC}") = "KMN", "KMN.csproj", "{1850A0B4-AE59-4705-AE46-73493E20831D}"
EndProject
Global
	GlobalSection(SolutionConfigurationPlatforms) = preSolution
		Debug|Any CPU = Debug|Any CPU
		Release|Any CPU = Release|Any CPU
	EndGlobalSection
	GlobalSection(ProjectConfigurationPlatforms) = postSolution
		{1850A0B4-AE59-4705-AE46-73493E20831D}.Debug|Any CPU.ActiveCfg = Debug|Any CPU
		{1850A0B4-AE59-4705-AE46-73493E20831D}.Debug|Any CPU.Build.0 = Debug|Any CPU
		{1850A0B4-AE59-4705-AE46-73493E20831D}.Release|Any CPU.ActiveCfg = Release|Any CPU
		{1850A0B4-AE59-4705-AE46-73493E20831D}.Release|Any CPU.Build.0 = Release|Any CPU
	EndGlobalSection
	GlobalSection(SolutionProperties) = preSolution
		HideSolutionNode = FALSE
	EndGlobalSection
	GlobalSection(ExtensibilityGlobals) = postSolution
		SolutionGuid = {4BA4F654-93A0-4B28-98A9-E1A063E0343E}
	EndGlobalSection
EndGlobal
